PODS:
  - PredictionKeyboard (1.0.35):
    - Realm (~> 10.0)
    - RealmSwift (~> 10.0)
  - Realm (10.54.6):
    - Realm/Headers (= 10.54.6)
  - Realm/Headers (10.54.6)
  - RealmSwift (10.54.6):
    - Realm (= 10.54.6)

DEPENDENCIES:
  - PredictionKeyboard (from `../PredictionKeyboardClean`)

SPEC REPOS:
  https://github.com/CocoaPods/Specs.git:
    - Realm
    - RealmSwift

EXTERNAL SOURCES:
  PredictionKeyboard:
    :path: "../PredictionKeyboardClean"

SPEC CHECKSUMS:
  PredictionKeyboard: 029ff0517d33c43131ad2e0262c4a2ce8545e493
  Realm: b1b3bc68162fa242132eb7eefbf91d7c40f36a85
  RealmSwift: 456cfd82a4f23dff8e3456980999331ab69bbf3e

PODFILE CHECKSUM: f413cf117f77bbdaad7aca6329cd8629303b5fc7

COCOAPODS: 1.16.2
